<?xml version="1.0" encoding="utf-8"?>
<Project ToolsVersion="4.0" xmlns="http://schemas.microsoft.com/developer/msbuild/2003">
  <ItemGroup>
    <Filter Include="Source Files">
      <UniqueIdentifier>{4FC737F1-C7A5-4376-A066-2A32D752A2FF}</UniqueIdentifier>
      <Extensions>cpp;c;cc;cxx;c++;cppm;ixx;def;odl;idl;hpj;bat;asm;asmx</Extensions>
    </Filter>
    <Filter Include="Header Files">
      <UniqueIdentifier>{93995380-89BD-4b04-88EB-625FBE52EBFB}</UniqueIdentifier>
      <Extensions>h;hh;hpp;hxx;h++;hm;inl;inc;ipp;xsd</Extensions>
    </Filter>
    <Filter Include="Resource Files">
      <UniqueIdentifier>{67DA6AB6-F800-4c08-8B7A-83BB121AAD01}</UniqueIdentifier>
      <Extensions>rc;ico;cur;bmp;dlg;rc2;rct;bin;rgs;gif;jpg;jpeg;jpe;resx;tiff;tif;png;wav;mfcribbon-ms</Extensions>
    </Filter>
  </ItemGroup>
  <ItemGroup>
    <ResourceCompile Include="app.rc">
      <Filter>Resource Files</Filter>
    </ResourceCompile>
  </ItemGroup>
  <ItemGroup>
    <ClInclude Include="Resource.h">
      <Filter>Header Files</Filter>
    </ClInclude>
    <ClInclude Include="pch.h">
      <Filter>Header Files</Filter>
    </ClInclude>
    <ClInclude Include="Form1.h">
      <Filter>Header Files</Filter>
    </ClInclude>
    <ClInclude Include="PantallaInicial.h">
      <Filter>Header Files</Filter>
    </ClInclude>
    <ClInclude Include="..\..\..\ED-Proyecto02\FarmVille\FarmVille\Granjero.h">
      <Filter>Header Files</Filter>
    </ClInclude>
    <ClInclude Include="VentanaMercado.h">
      <Filter>Header Files</Filter>
    </ClInclude>
    <ClInclude Include="Aleatorios.h">
      <Filter>Header Files</Filter>
    </ClInclude>
    <ClInclude Include="ArbolBinarioOrdenado.h">
      <Filter>Header Files</Filter>
    </ClInclude>
    <ClInclude Include="ArbolBinarioOrdenadoAtacadoFrutoCuervo.h">
      <Filter>Header Files</Filter>
    </ClInclude>
    <ClInclude Include="ArbolBinarioOrdenadoAtacadoArbol.h">
      <Filter>Header Files</Filter>
    </ClInclude>
    <ClInclude Include="ArbolBinarioOrdenadoAtacadoFrutoOveja.h">
      <Filter>Header Files</Filter>
    </ClInclude>
    <ClInclude Include="ArbolBinarioOrdenadoCrecer.h">
      <Filter>Header Files</Filter>
    </ClInclude>
    <ClInclude Include="ArbolBinarioOrdenadoFrutos.h">
      <Filter>Header Files</Filter>
    </ClInclude>
    <ClInclude Include="AVLTree.h">
      <Filter>Header Files</Filter>
    </ClInclude>
    <ClInclude Include="AVLTreeAtacadoArbol.h">
      <Filter>Header Files</Filter>
    </ClInclude>
    <ClInclude Include="AVLTreeAtacadoFrutoCuervo.h">
      <Filter>Header Files</Filter>
    </ClInclude>
    <ClInclude Include="AVLTreeAtacadoFrutoOveja.h">
      <Filter>Header Files</Filter>
    </ClInclude>
    <ClInclude Include="AVLTreeCrecer.h">
      <Filter>Header Files</Filter>
    </ClInclude>
    <ClInclude Include="AVLTreeFrutos.h">
      <Filter>Header Files</Filter>
    </ClInclude>
    <ClInclude Include="Cuervo.h">
      <Filter>Header Files</Filter>
    </ClInclude>
    <ClInclude Include="Escritura.h">
      <Filter>Header Files</Filter>
    </ClInclude>
    <ClInclude Include="Espantapajaros.h">
      <Filter>Header Files</Filter>
    </ClInclude>
    <ClInclude Include="GeneraCuervo.h">
      <Filter>Header Files</Filter>
    </ClInclude>
    <ClInclude Include="GeneraOveja.h">
      <Filter>Header Files</Filter>
    </ClInclude>
    <ClInclude Include="GeneraPlaga.h">
      <Filter>Header Files</Filter>
    </ClInclude>
    <ClInclude Include="Granjero.h">
      <Filter>Header Files</Filter>
    </ClInclude>
    <ClInclude Include="HeapTree.h">
      <Filter>Header Files</Filter>
    </ClInclude>
    <ClInclude Include="HeapTreeAtacadoArbol.h">
      <Filter>Header Files</Filter>
    </ClInclude>
    <ClInclude Include="HeapTreeAtacadoFrutoOveja.h">
      <Filter>Header Files</Filter>
    </ClInclude>
    <ClInclude Include="HeapTreeAtacadoFrutoCuervo.h">
      <Filter>Header Files</Filter>
    </ClInclude>
    <ClInclude Include="HeapTreeCrecer.h">
      <Filter>Header Files</Filter>
    </ClInclude>
    <ClInclude Include="HeapTreeFrutos.h">
      <Filter>Header Files</Filter>
    </ClInclude>
    <ClInclude Include="Juego.h">
      <Filter>Header Files</Filter>
    </ClInclude>
    <ClInclude Include="Lectura.h">
      <Filter>Header Files</Filter>
    </ClInclude>
    <ClInclude Include="Oveja.h">
      <Filter>Header Files</Filter>
    </ClInclude>
    <ClInclude Include="Plaga.h">
      <Filter>Header Files</Filter>
    </ClInclude>
    <ClInclude Include="SplayTree.h">
      <Filter>Header Files</Filter>
    </ClInclude>
    <ClInclude Include="SplayTreeAtacadoArbol.h">
      <Filter>Header Files</Filter>
    </ClInclude>
    <ClInclude Include="SplayTreeAtacadoFrutoCuervo.h">
      <Filter>Header Files</Filter>
    </ClInclude>
    <ClInclude Include="SplayTreeCrecer.h">
      <Filter>Header Files</Filter>
    </ClInclude>
    <ClInclude Include="SplayTreeAtacadoFrutoOveja.h">
      <Filter>Header Files</Filter>
    </ClInclude>
    <ClInclude Include="SplayTreeFrutos.h">
      <Filter>Header Files</Filter>
    </ClInclude>
  </ItemGroup>
  <ItemGroup>
    <ClCompile Include="CppCLR_WinFormsProject.cpp">
      <Filter>Source Files</Filter>
    </ClCompile>
    <ClCompile Include="AssemblyInfo.cpp">
      <Filter>Source Files</Filter>
    </ClCompile>
    <ClCompile Include="pch.cpp">
      <Filter>Source Files</Filter>
    </ClCompile>
    <ClCompile Include="Form1.cpp">
      <Filter>Source Files</Filter>
    </ClCompile>
    <ClCompile Include="PantallaInicial.cpp">
      <Filter>Source Files</Filter>
    </ClCompile>
    <ClCompile Include="VentanaMercado.cpp">
      <Filter>Source Files</Filter>
    </ClCompile>
    <ClCompile Include="ArbolBinarioOrdenado.cpp">
      <Filter>Source Files</Filter>
    </ClCompile>
    <ClCompile Include="AVLTree.cpp">
      <Filter>Source Files</Filter>
    </ClCompile>
    <ClCompile Include="HeapTree.cpp">
      <Filter>Source Files</Filter>
    </ClCompile>
    <ClCompile Include="SplayTree.cpp">
      <Filter>Source Files</Filter>
    </ClCompile>
  </ItemGroup>
  <ItemGroup>
    <Image Include="app.ico">
      <Filter>Resource Files</Filter>
    </Image>
  </ItemGroup>
</Project>